
Microsoft Visual Studio Solution File, Format Version 12.00
# Visual Studio 15
VisualStudioVersion = 15.0.28307.136
MinimumVisualStudioVersion = 10.0.40219.1
Project("{FAE04EC0-301F-11D3-BF4B-00C04F79EFBC}") = "MonteCarloMethod", "MonteCarloMethod\MonteCarloMethod.csproj", "{475160A1-7B0A-4B61-B91A-AB0BC35F420D}"
EndProject
Global
	GlobalSection(SolutionConfigurationPlatforms) = preSolution
		Debug|Any CPU = Debug|Any CPU
		Release|Any CPU = Release|Any CPU
	EndGlobalSection
	GlobalSection(ProjectConfigurationPlatforms) = postSolution
		{475160A1-7B0A-4B61-B91A-AB0BC35F420D}.Debug|Any CPU.ActiveCfg = Debug|Any CPU
		{475160A1-7B0A-4B61-B91A-AB0BC35F420D}.Debug|Any CPU.Build.0 = Debug|Any CPU
		{475160A1-7B0A-4B61-B91A-AB0BC35F420D}.Release|Any CPU.ActiveCfg = Release|Any CPU
		{475160A1-7B0A-4B61-B91A-AB0BC35F420D}.Release|Any CPU.Build.0 = Release|Any CPU
	EndGlobalSection
	GlobalSection(SolutionProperties) = preSolution
		HideSolutionNode = FALSE
	EndGlobalSection
	GlobalSection(ExtensibilityGlobals) = postSolution
		SolutionGuid = {257F0C16-D64E-4D1F-9A0D-A2795B05ADA3}
	EndGlobalSection
EndGlobal
